
Microsoft Visual Studio Solution File, Format Version 12.00
# Visual Studio Version 17
VisualStudioVersion = 17.5.33516.290
MinimumVisualStudioVersion = 10.0.40219.1
Project("{FAE04EC0-301F-11D3-BF4B-00C04F79EFBC}") = "HesapMakinesi", "HesapMakinesi\HesapMakinesi.csproj", "{9965E815-3E45-4637-828D-A6C7C7FB4BF9}"
EndProject
Global
	GlobalSection(SolutionConfigurationPlatforms) = preSolution
		Debug|Any CPU = Debug|Any CPU
		Release|Any CPU = Release|Any CPU
	EndGlobalSection
	GlobalSection(ProjectConfigurationPlatforms) = postSolution
		{9965E815-3E45-4637-828D-A6C7C7FB4BF9}.Debug|Any CPU.ActiveCfg = Debug|Any CPU
		{9965E815-3E45-4637-828D-A6C7C7FB4BF9}.Debug|Any CPU.Build.0 = Debug|Any CPU
		{9965E815-3E45-4637-828D-A6C7C7FB4BF9}.Release|Any CPU.ActiveCfg = Release|Any CPU
		{9965E815-3E45-4637-828D-A6C7C7FB4BF9}.Release|Any CPU.Build.0 = Release|Any CPU
	EndGlobalSection
	GlobalSection(SolutionProperties) = preSolution
		HideSolutionNode = FALSE
	EndGlobalSection
	GlobalSection(ExtensibilityGlobals) = postSolution
		SolutionGuid = {1FC57DCF-7B4B-4644-B0F9-DD3120002671}
	EndGlobalSection
EndGlobal
